Microsoft Visual Studio Solution File, Format Version 12.00
# Visual Studio Version 17
VisualStudioVersion = 17.5.2.0
MinimumVisualStudioVersion = 10.0.40219.1
Project("{FAE04EC0-301F-11D3-BF4B-00C04F79EFBC}") = "SanalGozluk", "SanalGozluk.csproj", "{80112CF3-F97B-1BEB-F504-4801BE2B8AE4}"
EndProject
Global
	GlobalSection(SolutionConfigurationPlatforms) = preSolution
		Debug|Any CPU = Debug|Any CPU
		Release|Any CPU = Release|Any CPU
	EndGlobalSection
	GlobalSection(ProjectConfigurationPlatforms) = postSolution
		{80112CF3-F97B-1BEB-F504-4801BE2B8AE4}.Debug|Any CPU.ActiveCfg = Debug|Any CPU
		{80112CF3-F97B-1BEB-F504-4801BE2B8AE4}.Debug|Any CPU.Build.0 = Debug|Any CPU
		{80112CF3-F97B-1BEB-F504-4801BE2B8AE4}.Release|Any CPU.ActiveCfg = Release|Any CPU
		{80112CF3-F97B-1BEB-F504-4801BE2B8AE4}.Release|Any CPU.Build.0 = Release|Any CPU
	EndGlobalSection
	GlobalSection(SolutionProperties) = preSolution
		HideSolutionNode = FALSE
	EndGlobalSection
	GlobalSection(ExtensibilityGlobals) = postSolution
		SolutionGuid = {95758F80-001F-4DD1-BC6E-E3A1043AB3AB}
	EndGlobalSection
EndGlobal
